
Microsoft Visual Studio Solution File, Format Version 12.00
# Visual Studio Version 17
VisualStudioVersion = 17.11.35303.130
MinimumVisualStudioVersion = 10.0.40219.1
Project("{2150E333-8FDC-42A3-9474-1A3956D46DE8}") = "Application", "Application", "{31CC6C25-9A69-4DD5-9243-593A3D3CBCA1}"
EndProject
Project("{2150E333-8FDC-42A3-9474-1A3956D46DE8}") = "Core", "Core", "{1A76C3D7-30F1-455F-B2F6-7F24A41B1492}"
EndProject
Project("{2150E333-8FDC-42A3-9474-1A3956D46DE8}") = "Infrastructure", "Infrastructure", "{D29FB274-2D94-440A-BD24-8F41D7040240}"
EndProject
Project("{2150E333-8FDC-42A3-9474-1A3956D46DE8}") = "Presentation", "Presentation", "{76E3C7AC-CA9B-4725-B5C3-8176F75CE993}"
EndProject
Project("{9A19103F-16F7-4668-BE54-9A1E7A4F7556}") = "MyWebsite.Application", "MyWebsite.Application\MyWebsite.Application.csproj", "{21820633-883B-4166-9875-F8764E202F96}"
EndProject
Project("{9A19103F-16F7-4668-BE54-9A1E7A4F7556}") = "MyWebsite.Domain", "MyWebsite.Domain\MyWebsite.Domain.csproj", "{27A74FC3-32BE-4ECC-80CB-B9A4E164FE6D}"
EndProject
Project("{9A19103F-16F7-4668-BE54-9A1E7A4F7556}") = "MyWebsite.DataAccess", "MyWebsite.DataAccess\MyWebsite.DataAccess.csproj", "{B2D84CB2-6070-454C-A39B-4ECA2841BF8B}"
EndProject
Project("{9A19103F-16F7-4668-BE54-9A1E7A4F7556}") = "MyWebsite.Infrastructure", "MyWebsite.Infrastructure\MyWebsite.Infrastructure.csproj", "{9B611D57-FF72-4A09-B50A-7EC76A8AC8ED}"
EndProject
Project("{9A19103F-16F7-4668-BE54-9A1E7A4F7556}") = "MyWebsite.UI", "MyWebsite.UI\MyWebsite.UI.csproj", "{1432D760-6232-4573-949D-99929C5D9961}"
EndProject
Project("{2150E333-8FDC-42A3-9474-1A3956D46DE8}") = "Documents", "Documents", "{84364357-0153-4DFC-82ED-2DAB872FEBC6}"
	ProjectSection(SolutionItems) = preProject
		Plugin.txt = Plugin.txt
	EndProjectSection
EndProject
Global
	GlobalSection(SolutionConfigurationPlatforms) = preSolution
		Debug|Any CPU = Debug|Any CPU
		Release|Any CPU = Release|Any CPU
	EndGlobalSection
	GlobalSection(ProjectConfigurationPlatforms) = postSolution
		{21820633-883B-4166-9875-F8764E202F96}.Debug|Any CPU.ActiveCfg = Debug|Any CPU
		{21820633-883B-4166-9875-F8764E202F96}.Debug|Any CPU.Build.0 = Debug|Any CPU
		{21820633-883B-4166-9875-F8764E202F96}.Release|Any CPU.ActiveCfg = Release|Any CPU
		{21820633-883B-4166-9875-F8764E202F96}.Release|Any CPU.Build.0 = Release|Any CPU
		{27A74FC3-32BE-4ECC-80CB-B9A4E164FE6D}.Debug|Any CPU.ActiveCfg = Debug|Any CPU
		{27A74FC3-32BE-4ECC-80CB-B9A4E164FE6D}.Debug|Any CPU.Build.0 = Debug|Any CPU
		{27A74FC3-32BE-4ECC-80CB-B9A4E164FE6D}.Release|Any CPU.ActiveCfg = Release|Any CPU
		{27A74FC3-32BE-4ECC-80CB-B9A4E164FE6D}.Release|Any CPU.Build.0 = Release|Any CPU
		{B2D84CB2-6070-454C-A39B-4ECA2841BF8B}.Debug|Any CPU.ActiveCfg = Debug|Any CPU
		{B2D84CB2-6070-454C-A39B-4ECA2841BF8B}.Debug|Any CPU.Build.0 = Debug|Any CPU
		{B2D84CB2-6070-454C-A39B-4ECA2841BF8B}.Release|Any CPU.ActiveCfg = Release|Any CPU
		{B2D84CB2-6070-454C-A39B-4ECA2841BF8B}.Release|Any CPU.Build.0 = Release|Any CPU
		{9B611D57-FF72-4A09-B50A-7EC76A8AC8ED}.Debug|Any CPU.ActiveCfg = Debug|Any CPU
		{9B611D57-FF72-4A09-B50A-7EC76A8AC8ED}.Debug|Any CPU.Build.0 = Debug|Any CPU
		{9B611D57-FF72-4A09-B50A-7EC76A8AC8ED}.Release|Any CPU.ActiveCfg = Release|Any CPU
		{9B611D57-FF72-4A09-B50A-7EC76A8AC8ED}.Release|Any CPU.Build.0 = Release|Any CPU
		{1432D760-6232-4573-949D-99929C5D9961}.Debug|Any CPU.ActiveCfg = Debug|Any CPU
		{1432D760-6232-4573-949D-99929C5D9961}.Debug|Any CPU.Build.0 = Debug|Any CPU
		{1432D760-6232-4573-949D-99929C5D9961}.Release|Any CPU.ActiveCfg = Release|Any CPU
		{1432D760-6232-4573-949D-99929C5D9961}.Release|Any CPU.Build.0 = Release|Any CPU
	EndGlobalSection
	GlobalSection(SolutionProperties) = preSolution
		HideSolutionNode = FALSE
	EndGlobalSection
	GlobalSection(NestedProjects) = preSolution
		{21820633-883B-4166-9875-F8764E202F96} = {31CC6C25-9A69-4DD5-9243-593A3D3CBCA1}
		{27A74FC3-32BE-4ECC-80CB-B9A4E164FE6D} = {1A76C3D7-30F1-455F-B2F6-7F24A41B1492}
		{B2D84CB2-6070-454C-A39B-4ECA2841BF8B} = {D29FB274-2D94-440A-BD24-8F41D7040240}
		{9B611D57-FF72-4A09-B50A-7EC76A8AC8ED} = {D29FB274-2D94-440A-BD24-8F41D7040240}
		{1432D760-6232-4573-949D-99929C5D9961} = {76E3C7AC-CA9B-4725-B5C3-8176F75CE993}
	EndGlobalSection
	GlobalSection(ExtensibilityGlobals) = postSolution
		SolutionGuid = {30D1275D-7EF9-40FB-B53F-1F091939AE39}
	EndGlobalSection
EndGlobal
